
Microsoft Visual Studio Solution File, Format Version 12.00
# Visual Studio 15
VisualStudioVersion = 15.0.28307.136
MinimumVisualStudioVersion = 10.0.40219.1
Project("{FAE04EC0-301F-11D3-BF4B-00C04F79EFBC}") = "ShippingListLib", "..\ShippingListLib\ShippingListLib.csproj", "{409DEC18-1452-4F77-9EA1-833036EE0BC6}"
EndProject
Project("{FAE04EC0-301F-11D3-BF4B-00C04F79EFBC}") = "Tests", "Tests\Tests.csproj", "{AD6EA6FE-AE57-4297-9BE9-39F9FCB3B1EA}"
EndProject
Global
	GlobalSection(SolutionConfigurationPlatforms) = preSolution
		Debug|Any CPU = Debug|Any CPU
		Release|Any CPU = Release|Any CPU
	EndGlobalSection
	GlobalSection(ProjectConfigurationPlatforms) = postSolution
		{409DEC18-1452-4F77-9EA1-833036EE0BC6}.Debug|Any CPU.ActiveCfg = Debug|Any CPU
		{409DEC18-1452-4F77-9EA1-833036EE0BC6}.Debug|Any CPU.Build.0 = Debug|Any CPU
		{409DEC18-1452-4F77-9EA1-833036EE0BC6}.Release|Any CPU.ActiveCfg = Release|Any CPU
		{409DEC18-1452-4F77-9EA1-833036EE0BC6}.Release|Any CPU.Build.0 = Release|Any CPU
		{AD6EA6FE-AE57-4297-9BE9-39F9FCB3B1EA}.Debug|Any CPU.ActiveCfg = Debug|Any CPU
		{AD6EA6FE-AE57-4297-9BE9-39F9FCB3B1EA}.Debug|Any CPU.Build.0 = Debug|Any CPU
		{AD6EA6FE-AE57-4297-9BE9-39F9FCB3B1EA}.Release|Any CPU.ActiveCfg = Release|Any CPU
		{AD6EA6FE-AE57-4297-9BE9-39F9FCB3B1EA}.Release|Any CPU.Build.0 = Release|Any CPU
	EndGlobalSection
	GlobalSection(SolutionProperties) = preSolution
		HideSolutionNode = FALSE
	EndGlobalSection
	GlobalSection(ExtensibilityGlobals) = postSolution
		SolutionGuid = {2F5B00A0-0026-4B16-9F8A-B85CE1EAA501}
	EndGlobalSection
EndGlobal
